{
  "name": "drag anddrop",
  "lockfileVersion": 3,
  "requires": true,
  "packages": {
    "": {
      "dependencies": {
        "g": "^2.0.1",
        "jdoc": "^0.2.0"
      }
    },
    "node_modules/g": {
      "version": "2.0.1",
      "resolved": "https://registry.npmjs.org/g/-/g-2.0.1.tgz",
      "integrity": "sha512-Fi6Ng5fZ/ANLQ15H11hCe+09sgUoNvDEBevVgx3KoYOhsH5iLNPn54hx0jPZ+3oSWr+xajnp2Qau9VmPsc7hTA==",
      "license": "MIT"
    },
    "node_modules/jdoc": {
      "version": "0.2.0",
      "resolved": "https://registry.npmjs.org/jdoc/-/jdoc-0.2.0.tgz",
      "integrity": "sha512-RpQtrwqkInG9Fq6gDtn9CDC5xyjQk+Rcm47dHV0VXn+rnVNoPC/IqqMN1pdt8PhHCXI7fYgDWQZ+0ra06TbpbQ==",
      "engines": {
        "node": "*"
      }
    }
  }
}
